
Microsoft Visual Studio Solution File, Format Version 12.00
# Visual Studio Version 17
VisualStudioVersion = 17.10.35027.167
MinimumVisualStudioVersion = 10.0.40219.1
Project("{FAE04EC0-301F-11D3-BF4B-00C04F79EFBC}") = "MagicVilla_VillaAPI", "MagicVilla_VillaAPI\MagicVilla_VillaAPI.csproj", "{BD645369-1D96-4D05-8413-FBFBA0266981}"
EndProject
Global
	GlobalSection(SolutionConfigurationPlatforms) = preSolution
		Debug|Any CPU = Debug|Any CPU
		Release|Any CPU = Release|Any CPU
	EndGlobalSection
	GlobalSection(ProjectConfigurationPlatforms) = postSolution
		{BD645369-1D96-4D05-8413-FBFBA0266981}.Debug|Any CPU.ActiveCfg = Debug|Any CPU
		{BD645369-1D96-4D05-8413-FBFBA0266981}.Debug|Any CPU.Build.0 = Debug|Any CPU
		{BD645369-1D96-4D05-8413-FBFBA0266981}.Release|Any CPU.ActiveCfg = Release|Any CPU
		{BD645369-1D96-4D05-8413-FBFBA0266981}.Release|Any CPU.Build.0 = Release|Any CPU
	EndGlobalSection
	GlobalSection(SolutionProperties) = preSolution
		HideSolutionNode = FALSE
	EndGlobalSection
	GlobalSection(ExtensibilityGlobals) = postSolution
		SolutionGuid = {F43C0D61-3E6E-4C3D-887E-550149F24F52}
	EndGlobalSection
EndGlobal
